
Microsoft Visual Studio Solution File, Format Version 12.00
# Visual Studio 15
VisualStudioVersion = 15.0.28307.1145
MinimumVisualStudioVersion = 10.0.40219.1
Project("{FAE04EC0-301F-11D3-BF4B-00C04F79EFBC}") = "VideoManager", "VideoManager\VideoManager.csproj", "{3F31CBB1-5B80-4173-A14C-2670EA8BF0B5}"
EndProject
Project("{FAE04EC0-301F-11D3-BF4B-00C04F79EFBC}") = "WindowsThumbnailProvider", "WindowsThumbnailProvider\WindowsThumbnailProvider.csproj", "{8FCA1C0B-6BB4-462A-88E4-F8E1AACC26D2}"
EndProject
Global
	GlobalSection(SolutionConfigurationPlatforms) = preSolution
		Debug|Any CPU = Debug|Any CPU
		Release|Any CPU = Release|Any CPU
	EndGlobalSection
	GlobalSection(ProjectConfigurationPlatforms) = postSolution
		{3F31CBB1-5B80-4173-A14C-2670EA8BF0B5}.Debug|Any CPU.ActiveCfg = Debug|Any CPU
		{3F31CBB1-5B80-4173-A14C-2670EA8BF0B5}.Debug|Any CPU.Build.0 = Debug|Any CPU
		{3F31CBB1-5B80-4173-A14C-2670EA8BF0B5}.Release|Any CPU.ActiveCfg = Release|Any CPU
		{3F31CBB1-5B80-4173-A14C-2670EA8BF0B5}.Release|Any CPU.Build.0 = Release|Any CPU
		{8FCA1C0B-6BB4-462A-88E4-F8E1AACC26D2}.Debug|Any CPU.ActiveCfg = Debug|Any CPU
		{8FCA1C0B-6BB4-462A-88E4-F8E1AACC26D2}.Debug|Any CPU.Build.0 = Debug|Any CPU
		{8FCA1C0B-6BB4-462A-88E4-F8E1AACC26D2}.Release|Any CPU.ActiveCfg = Release|Any CPU
		{8FCA1C0B-6BB4-462A-88E4-F8E1AACC26D2}.Release|Any CPU.Build.0 = Release|Any CPU
	EndGlobalSection
	GlobalSection(SolutionProperties) = preSolution
		HideSolutionNode = FALSE
	EndGlobalSection
	GlobalSection(ExtensibilityGlobals) = postSolution
		SolutionGuid = {E6695117-FD66-4F40-9D5C-AE67D5C73D7D}
	EndGlobalSection
EndGlobal
