
Microsoft Visual Studio Solution File, Format Version 12.00
# Visual Studio 15
VisualStudioVersion = 15.0.28307.1062
MinimumVisualStudioVersion = 10.0.40219.1
Project("{FAE04EC0-301F-11D3-BF4B-00C04F79EFBC}") = "VideoManager", "VideoManager\VideoManager.csproj", "{C0960597-9C96-478E-9944-B7394266D2D4}"
EndProject
Global
	GlobalSection(SolutionConfigurationPlatforms) = preSolution
		Debug|Any CPU = Debug|Any CPU
		Release|Any CPU = Release|Any CPU
	EndGlobalSection
	GlobalSection(ProjectConfigurationPlatforms) = postSolution
		{C0960597-9C96-478E-9944-B7394266D2D4}.Debug|Any CPU.ActiveCfg = Debug|Any CPU
		{C0960597-9C96-478E-9944-B7394266D2D4}.Debug|Any CPU.Build.0 = Debug|Any CPU
		{C0960597-9C96-478E-9944-B7394266D2D4}.Release|Any CPU.ActiveCfg = Release|Any CPU
		{C0960597-9C96-478E-9944-B7394266D2D4}.Release|Any CPU.Build.0 = Release|Any CPU
	EndGlobalSection
	GlobalSection(SolutionProperties) = preSolution
		HideSolutionNode = FALSE
	EndGlobalSection
	GlobalSection(ExtensibilityGlobals) = postSolution
		SolutionGuid = {6D77E90A-7818-42EF-9241-ADBF18F90C08}
	EndGlobalSection
EndGlobal
